
Microsoft Visual Studio Solution File, Format Version 12.00
# Visual Studio 15
VisualStudioVersion = 15.0.28307.421
MinimumVisualStudioVersion = 10.0.40219.1
Project("{FAE04EC0-301F-11D3-BF4B-00C04F79EFBC}") = "SSE-Fallout 4 Animation Converter", "SSE-Fallout 4 Animation Converter\SSE-Fallout 4 Animation Converter.csproj", "{A38C9A6B-D8AE-4CAB-A47E-AF2B59791722}"
EndProject
Global
	GlobalSection(SolutionConfigurationPlatforms) = preSolution
		Debug|Any CPU = Debug|Any CPU
		Release|Any CPU = Release|Any CPU
	EndGlobalSection
	GlobalSection(ProjectConfigurationPlatforms) = postSolution
		{A38C9A6B-D8AE-4CAB-A47E-AF2B59791722}.Debug|Any CPU.ActiveCfg = Debug|Any CPU
		{A38C9A6B-D8AE-4CAB-A47E-AF2B59791722}.Debug|Any CPU.Build.0 = Debug|Any CPU
		{A38C9A6B-D8AE-4CAB-A47E-AF2B59791722}.Release|Any CPU.ActiveCfg = Release|Any CPU
		{A38C9A6B-D8AE-4CAB-A47E-AF2B59791722}.Release|Any CPU.Build.0 = Release|Any CPU
	EndGlobalSection
	GlobalSection(SolutionProperties) = preSolution
		HideSolutionNode = FALSE
	EndGlobalSection
	GlobalSection(ExtensibilityGlobals) = postSolution
		SolutionGuid = {588DDF1F-D521-456C-8106-2647427633E8}
	EndGlobalSection
EndGlobal
